
Microsoft Visual Studio Solution File, Format Version 12.00
# Visual Studio Version 17
VisualStudioVersion = 17.5.002.0
MinimumVisualStudioVersion = 10.0.40219.1
Project("{9A19103F-16F7-4668-BE54-9A1E7A4F7556}") = "backend", "backend.csproj", "{4A26D1CB-A800-46B0-9ED4-739BDBF49F59}"
EndProject
Global
	GlobalSection(SolutionConfigurationPlatforms) = preSolution
		Debug|Any CPU = Debug|Any CPU
		Release|Any CPU = Release|Any CPU
	EndGlobalSection
	GlobalSection(ProjectConfigurationPlatforms) = postSolution
		{4A26D1CB-A800-46B0-9ED4-739BDBF49F59}.Debug|Any CPU.ActiveCfg = Debug|Any CPU
		{4A26D1CB-A800-46B0-9ED4-739BDBF49F59}.Debug|Any CPU.Build.0 = Debug|Any CPU
		{4A26D1CB-A800-46B0-9ED4-739BDBF49F59}.Release|Any CPU.ActiveCfg = Release|Any CPU
		{4A26D1CB-A800-46B0-9ED4-739BDBF49F59}.Release|Any CPU.Build.0 = Release|Any CPU
	EndGlobalSection
	GlobalSection(SolutionProperties) = preSolution
		HideSolutionNode = FALSE
	EndGlobalSection
	GlobalSection(ExtensibilityGlobals) = postSolution
		SolutionGuid = {D92BE1F4-FCD4-4A00-86CF-75464C1C09AF}
	EndGlobalSection
EndGlobal
